d2_interface:
  commit: d6f9e2e4d38861e91353be177c9ceacedde6d7ee
  file: d2_game_core.py
  sha256: 33a7d821866bb327143a51c18cf7619bea1b706c189f6713584fd459229175f1
  size_bytes: 75587
output_files:
  D2-ADAPTER-PACKAGE.json:
    sha256: f0fb8c2b3f46be1dfd0b0231ccd63db8ba3d9adecb53c95a5bc26d5ec3424e7c
    size_bytes: 85730
  D2-CANDIDATE-ADAPTERS.jsonl:
    sha256: fa6f3b25cbcc09420a7cffa7b886da667fd62ab6993eb72f2a63254e0390a439
    size_bytes: 132695
policy_files:
  AMBIGUITY-MANIFEST.yaml:
    sha256: 62ae0e3f955201d0047aed28c85327c4099e35761dd48bc7c6bceb795811e9a2
  D2-INTERFACE-SNAPSHOT.yaml:
    sha256: 274acd80398dddedf44bf1aaea8d6b3d1fc3b7dca00ab7ea94b8c88650f46997
  FULL-ID-QUARANTINE-MANIFEST.yaml:
    sha256: 8f6b1763103254a6c2bb6979a43eccf6e939b4fa658bb86fa9d086fcc556e026
  MAPPING-POLICY.yaml:
    sha256: 817080113fadc04a0f1ea623a2648e17479747ceac8ff02fd8ba50c15d61b2b7
  PERSON-EVIDENCE-AUDIT.yaml:
    sha256: e114ccd55c1adfa5af11d384f35714af3f995aebf2d3fe2168945607f93b8d63
q0_sources:
  ADVERSARIAL-QUESTION-SET.jsonl:
    sha256: 2d76c2b26faf333c60ce37d662db31f86bc0f9b0e92058fb2534970cfc9a0927
    size_bytes: 40889
  KNOWLEDGE-ATOMS.jsonl:
    sha256: 47c000176360eb8069e71d3112343df07ad1234589d29e4cebd603374ed75e4d
    size_bytes: 59631
  KNOWLEDGE-RELATIONS.jsonl:
    sha256: 39156e3ca1ed42fd5dff6c1cb1376e68baccb2441fae8caa83e0de27799f612a
    size_bytes: 52892
  PARTICIPANT-FAMILY-AND-SUBTYPE-MAP.yaml:
    sha256: f526d66f4c6d2de1b904607e07fa92d7691a00a4ebaa5d1844bac1378d645d25
    size_bytes: 7514
