d2_interface:
  commit: d6f9e2e4d38861e91353be177c9ceacedde6d7ee
  file: d2_game_core.py
  sha256: 33a7d821866bb327143a51c18cf7619bea1b706c189f6713584fd459229175f1
  size_bytes: 75587
policy_files:
  AMBIGUITY-MANIFEST.yaml:
    sha256: 7f1b42c35ba6a068ad67d0c7ca1e70b6657c9467c10abec4f12677054a39df6f
  MAPPING-POLICY.yaml:
    sha256: 4f396cf1ae006c8a669ceeceba05116d88186b75937031d543d7eefb5204691d
  QUARANTINE-MANIFEST.yaml:
    sha256: 1948f4cdcd3d9459a2aebd4cb764a0e64c9eaf40963c7e34f47f25eaed1f48c9
q0_sources:
  ADVERSARIAL-QUESTION-SET.jsonl:
    sha256: 2d76c2b26faf333c60ce37d662db31f86bc0f9b0e92058fb2534970cfc9a0927
    size_bytes: 40889
  KNOWLEDGE-ATOMS.jsonl:
    sha256: 47c000176360eb8069e71d3112343df07ad1234589d29e4cebd603374ed75e4d
    size_bytes: 59631
  KNOWLEDGE-RELATIONS.jsonl:
    sha256: 39156e3ca1ed42fd5dff6c1cb1376e68baccb2441fae8caa83e0de27799f612a
    size_bytes: 52892
  PARTICIPANT-FAMILY-AND-SUBTYPE-MAP.yaml:
    sha256: f526d66f4c6d2de1b904607e07fa92d7691a00a4ebaa5d1844bac1378d645d25
    size_bytes: 7514
